
Microsoft Visual Studio Solution File, Format Version 12.00
# Visual Studio 14
VisualStudioVersion = 14.0.23107.0
MinimumVisualStudioVersion = 10.0.40219.1
Project("{FAE04EC0-301F-11D3-BF4B-00C04F79EFBC}") = "BillyService", "BillyService\BillyService.csproj", "{A1B2F9F2-12D4-4508-A786-413A29DF57DD}"
EndProject
Project("{FAE04EC0-301F-11D3-BF4B-00C04F79EFBC}") = "BillyService.Tests", "BillyService.Tests\BillyService.Tests.csproj", "{7346140F-EC75-4E86-9B63-0EA5B2AB49C4}"
EndProject
Global
	GlobalSection(SolutionConfigurationPlatforms) = preSolution
		Debug|Any CPU = Debug|Any CPU
		Release|Any CPU = Release|Any CPU
	EndGlobalSection
	GlobalSection(ProjectConfigurationPlatforms) = postSolution
		{A1B2F9F2-12D4-4508-A786-413A29DF57DD}.Debug|Any CPU.ActiveCfg = Debug|Any CPU
		{A1B2F9F2-12D4-4508-A786-413A29DF57DD}.Debug|Any CPU.Build.0 = Debug|Any CPU
		{A1B2F9F2-12D4-4508-A786-413A29DF57DD}.Release|Any CPU.ActiveCfg = Release|Any CPU
		{A1B2F9F2-12D4-4508-A786-413A29DF57DD}.Release|Any CPU.Build.0 = Release|Any CPU
		{7346140F-EC75-4E86-9B63-0EA5B2AB49C4}.Debug|Any CPU.ActiveCfg = Debug|Any CPU
		{7346140F-EC75-4E86-9B63-0EA5B2AB49C4}.Debug|Any CPU.Build.0 = Debug|Any CPU
		{7346140F-EC75-4E86-9B63-0EA5B2AB49C4}.Release|Any CPU.ActiveCfg = Release|Any CPU
		{7346140F-EC75-4E86-9B63-0EA5B2AB49C4}.Release|Any CPU.Build.0 = Release|Any CPU
	EndGlobalSection
	GlobalSection(SolutionProperties) = preSolution
		HideSolutionNode = FALSE
	EndGlobalSection
EndGlobal
