
Microsoft Visual Studio Solution File, Format Version 12.00
# Visual Studio Version 17
VisualStudioVersion = 17.8.34601.278
MinimumVisualStudioVersion = 10.0.40219.1
Project("{9A19103F-16F7-4668-BE54-9A1E7A4F7556}") = "Billy.Api", "Billy.Api\Billy.Api.csproj", "{20416920-9D31-4194-AED0-51617D924DAA}"
EndProject
Project("{9A19103F-16F7-4668-BE54-9A1E7A4F7556}") = "Billy.Api.Tests", "Billy.Api.Tests\Billy.Api.Tests.csproj", "{CDF1A14A-E689-4D5C-A8BB-460C29221AA8}"
EndProject
Project("{2150E333-8FDC-42A3-9474-1A3956D46DE8}") = "Solution Items", "Solution Items", "{EA818681-A02A-46F8-9B98-B42BD064678E}"
	ProjectSection(SolutionItems) = preProject
		README.md = README.md
	EndProjectSection
EndProject
Global
	GlobalSection(SolutionConfigurationPlatforms) = preSolution
		Debug|Any CPU = Debug|Any CPU
		Release|Any CPU = Release|Any CPU
	EndGlobalSection
	GlobalSection(ProjectConfigurationPlatforms) = postSolution
		{20416920-9D31-4194-AED0-51617D924DAA}.Debug|Any CPU.ActiveCfg = Debug|Any CPU
		{20416920-9D31-4194-AED0-51617D924DAA}.Debug|Any CPU.Build.0 = Debug|Any CPU
		{20416920-9D31-4194-AED0-51617D924DAA}.Release|Any CPU.ActiveCfg = Release|Any CPU
		{20416920-9D31-4194-AED0-51617D924DAA}.Release|Any CPU.Build.0 = Release|Any CPU
		{CDF1A14A-E689-4D5C-A8BB-460C29221AA8}.Debug|Any CPU.ActiveCfg = Debug|Any CPU
		{CDF1A14A-E689-4D5C-A8BB-460C29221AA8}.Debug|Any CPU.Build.0 = Debug|Any CPU
		{CDF1A14A-E689-4D5C-A8BB-460C29221AA8}.Release|Any CPU.ActiveCfg = Release|Any CPU
		{CDF1A14A-E689-4D5C-A8BB-460C29221AA8}.Release|Any CPU.Build.0 = Release|Any CPU
	EndGlobalSection
	GlobalSection(SolutionProperties) = preSolution
		HideSolutionNode = FALSE
	EndGlobalSection
	GlobalSection(ExtensibilityGlobals) = postSolution
		SolutionGuid = {1B861A6F-6F80-488C-AA8F-4BBD070CAC41}
	EndGlobalSection
EndGlobal
